{
    "_readme": [
        "This file locks the dependencies of your project to a known state",
        "Read more about it at https://getcomposer.org/doc/01-basic-usage.md#composer-lock-the-lock-file",
        "This file is @generated automatically"
    ],
    "hash": "2763c895607c6741e86c9d8bb98a75b6",
    "packages": [
        {
            "name": "moroz1999/sxg",
            "version": "0.0.3",
            "source": {
                "type": "git",
                "url": "https://github.com/moroz1999/sxg.git",
                "reference": "49d4d59ee942f7b7f27338292464bd90b6b74ef2"
            },
            "dist": {
                "type": "zip",
                "url": "https://api.github.com/repos/moroz1999/sxg/zipball/49d4d59ee942f7b7f27338292464bd90b6b74ef2",
                "reference": "49d4d59ee942f7b7f27338292464bd90b6b74ef2",
                "shasum": ""
            },
            "require": {
                "php": ">=5.6.0"
            },
            "type": "package",
            "autoload": {
                "psr-0": {
                    "Sxg": "src/"
                }
            },
            "notification-url": "https://packagist.org/downloads/",
            "license": [
                "CC0 1.0 Universal"
            ],
            "description": "SXG conversion/generation in PHP",
            "homepage": "https://github.com/moroz1999/sxg",
            "keywords": [
                "php",
                "sxg",
                "zx evolution",
                "zx spectrum"
            ],
            "time": "2016-03-27 18:40:18"
        }
    ],
    "packages-dev": [],
    "aliases": [],
    "minimum-stability": "stable",
    "stability-flags": [],
    "prefer-stable": false,
    "prefer-lowest": false,
    "platform": [],
    "platform-dev": []
}
